PODS:
  - HexColors (6.0.0)
  - RMessage (3.0.0):
    - HexColors (~> 6.0)

DEPENDENCIES:
  - HexColors (= 6.0.0)
  - RMessage (= 3.0.0)

SPEC REPOS:
  https://github.com/cocoapods/specs.git:
    - HexColors
    - RMessage

SPEC CHECKSUMS:
  HexColors: f8c66339541a74bb08905bfe7cd4f8cc85e9e173
  RMessage: 6a01116cbafb60d3df20bb3418abc03fe3184563

PODFILE CHECKSUM: 8e6b497227c375d779d2b789494cd0ded9836751

COCOAPODS: 1.5.3
