// !$*UTF8*$!
{
	archiveVersion = 1;
	classes = {
	};
	objectVersion = 50;
	objects = {

/* Begin PBXBuildFile section */
		99DAA47EF2A35815E6882680 /* Pods_Agremo.framework in Frameworks */ = {isa = PBXBuildFile; fileRef = BB131AA33FBF489CB32305B9 /* Pods_Agremo.framework */; };
		AD5358C121494B9000E7FD96 /* AppDelegate.swift in Sources */ = {isa = PBXBuildFile; fileRef = AD5358C021494B9000E7FD96 /* AppDelegate.swift */; };
		AD5358C621494B9000E7FD96 /* Main.storyboard in Resources */ = {isa = PBXBuildFile; fileRef = AD5358C421494B9000E7FD96 /* Main.storyboard */; };
		AD5358CB21494B9300E7FD96 /* LaunchScreen.storyboard in Resources */ = {isa = PBXBuildFile; fileRef = AD5358C921494B9300E7FD96 /* LaunchScreen.storyboard */; };
		AD5358D3214950C200E7FD96 /* MainVC.swift in Sources */ = {isa = PBXBuildFile; fileRef = AD5358D2214950C200E7FD96 /* MainVC.swift */; };
		AD5358D72149585600E7FD96 /* DummyVC.swift in Sources */ = {isa = PBXBuildFile; fileRef = AD5358D62149585600E7FD96 /* DummyVC.swift */; };
		AD5358DA21495D4C00E7FD96 /* MyClassesAndStructs.swift in Sources */ = {isa = PBXBuildFile; fileRef = AD5358D921495D4C00E7FD96 /* MyClassesAndStructs.swift */; };
		AD5358DC21495F3500E7FD96 /* Localizable.strings in Resources */ = {isa = PBXBuildFile; fileRef = AD5358DB21495F3500E7FD96 /* Localizable.strings */; };
		AD5358DE2149600100E7FD96 /* AlertManager.swift in Sources */ = {isa = PBXBuildFile; fileRef = AD5358DD2149600100E7FD96 /* AlertManager.swift */; };
		AD6A52492149684F0061E23A /* ModelTypes.swift in Sources */ = {isa = PBXBuildFile; fileRef = AD6A52482149684F0061E23A /* ModelTypes.swift */; };
		AD6A52CB214AB3E90061E23A /* Networking.swift in Sources */ = {isa = PBXBuildFile; fileRef = AD6A52CA214AB3E90061E23A /* Networking.swift */; };
		AD6A52CD214AB3F70061E23A /* ServerRequest.swift in Sources */ = {isa = PBXBuildFile; fileRef = AD6A52CC214AB3F70061E23A /* ServerRequest.swift */; };
		AD6A52D1214AC2A80061E23A /* PingAgremoManager.swift in Sources */ = {isa = PBXBuildFile; fileRef = AD6A52D0214AC2A80061E23A /* PingAgremoManager.swift */; };
		AD6A52D5214ACF6B0061E23A /* LogoView.xib in Resources */ = {isa = PBXBuildFile; fileRef = AD6A52D4214ACF6B0061E23A /* LogoView.xib */; };
		AD6A52D7214ACFA50061E23A /* LogoView.swift in Sources */ = {isa = PBXBuildFile; fileRef = AD6A52D6214ACFA50061E23A /* LogoView.swift */; };
		AD6A52DA214AD3020061E23A /* Extensions.swift in Sources */ = {isa = PBXBuildFile; fileRef = AD6A52D9214AD3020061E23A /* Extensions.swift */; };
		AD7223FE2155942B001B55D6 /* AgremoWkWebView.swift in Sources */ = {isa = PBXBuildFile; fileRef = AD7223FD2155942B001B55D6 /* AgremoWkWebView.swift */; };
		AD7224002155950C001B55D6 /* NotificationSubscriber.swift in Sources */ = {isa = PBXBuildFile; fileRef = AD7223FF2155950C001B55D6 /* NotificationSubscriber.swift */; };
		ADB38A51215EA7C100E8F54A /* GlobalFuncs.swift in Sources */ = {isa = PBXBuildFile; fileRef = ADB38A50215EA7C100E8F54A /* GlobalFuncs.swift */; };
		ADC960472154CD7900FEF9A2 /* Assets.xcassets in Resources */ = {isa = PBXBuildFile; fileRef = ADC960462154CD7900FEF9A2 /* Assets.xcassets */; };
/* End PBXBuildFile section */

/* Begin PBXFileReference section */
		4A49FFC26C3C3C0CBDE4B214 /* Pods-Agremo.release.xcconfig */ = {isa = PBXFileReference; includeInIndex = 1; lastKnownFileType = text.xcconfig; name = "Pods-Agremo.release.xcconfig"; path = "Pods/Target Support Files/Pods-Agremo/Pods-Agremo.release.xcconfig"; sourceTree = "<group>"; };
		74674FF27588D76475692402 /* Pods-Agremo.debug.xcconfig */ = {isa = PBXFileReference; includeInIndex = 1; lastKnownFileType = text.xcconfig; name = "Pods-Agremo.debug.xcconfig"; path = "Pods/Target Support Files/Pods-Agremo/Pods-Agremo.debug.xcconfig"; sourceTree = "<group>"; };
		AD5358BD21494B9000E7FD96 /* Agremo.app */ = {isa = PBXFileReference; explicitFileType = wrapper.application; includeInIndex = 0; path = Agremo.app; sourceTree = BUILT_PRODUCTS_DIR; };
		AD5358C021494B9000E7FD96 /* AppDelegate.swift */ = {isa = PBXFileReference; lastKnownFileType = sourcecode.swift; path = AppDelegate.swift; sourceTree = "<group>"; };
		AD5358C521494B9000E7FD96 /* Base */ = {isa = PBXFileReference; lastKnownFileType = file.storyboard; name = Base; path = Base.lproj/Main.storyboard; sourceTree = "<group>"; };
		AD5358CA21494B9300E7FD96 /* Base */ = {isa = PBXFileReference; lastKnownFileType = file.storyboard; name = Base; path = Base.lproj/LaunchScreen.storyboard; sourceTree = "<group>"; };
		AD5358CC21494B9300E7FD96 /* Info.plist */ = {isa = PBXFileReference; lastKnownFileType = text.plist.xml; path = Info.plist; sourceTree = "<group>"; };
		AD5358D2214950C200E7FD96 /* MainVC.swift */ = {isa = PBXFileReference; lastKnownFileType = sourcecode.swift; path = MainVC.swift; sourceTree = "<group>"; };
		AD5358D62149585600E7FD96 /* DummyVC.swift */ = {isa = PBXFileReference; lastKnownFileType = sourcecode.swift; path = DummyVC.swift; sourceTree = "<group>"; };
		AD5358D921495D4C00E7FD96 /* MyClassesAndStructs.swift */ = {isa = PBXFileReference; lastKnownFileType = sourcecode.swift; path = MyClassesAndStructs.swift; sourceTree = "<group>"; };
		AD5358DB21495F3500E7FD96 /* Localizable.strings */ = {isa = PBXFileReference; lastKnownFileType = text.plist.strings; path = Localizable.strings; sourceTree = "<group>"; };
		AD5358DD2149600100E7FD96 /* AlertManager.swift */ = {isa = PBXFileReference; lastKnownFileType = sourcecode.swift; path = AlertManager.swift; sourceTree = "<group>"; };
		AD6A52482149684F0061E23A /* ModelTypes.swift */ = {isa = PBXFileReference; lastKnownFileType = sourcecode.swift; path = ModelTypes.swift; sourceTree = "<group>"; };
		AD6A52CA214AB3E90061E23A /* Networking.swift */ = {isa = PBXFileReference; lastKnownFileType = sourcecode.swift; path = Networking.swift; sourceTree = "<group>"; };
		AD6A52CC214AB3F70061E23A /* ServerRequest.swift */ = {isa = PBXFileReference; lastKnownFileType = sourcecode.swift; path = ServerRequest.swift; sourceTree = "<group>"; };
		AD6A52D0214AC2A80061E23A /* PingAgremoManager.swift */ = {isa = PBXFileReference; lastKnownFileType = sourcecode.swift; path = PingAgremoManager.swift; sourceTree = "<group>"; };
		AD6A52D4214ACF6B0061E23A /* LogoView.xib */ = {isa = PBXFileReference; lastKnownFileType = file.xib; path = LogoView.xib; sourceTree = "<group>"; };
		AD6A52D6214ACFA50061E23A /* LogoView.swift */ = {isa = PBXFileReference; lastKnownFileType = sourcecode.swift; path = LogoView.swift; sourceTree = "<group>"; };
		AD6A52D9214AD3020061E23A /* Extensions.swift */ = {isa = PBXFileReference; lastKnownFileType = sourcecode.swift; path = Extensions.swift; sourceTree = "<group>"; };
		AD7223FD2155942B001B55D6 /* AgremoWkWebView.swift */ = {isa = PBXFileReference; lastKnownFileType = sourcecode.swift; path = AgremoWkWebView.swift; sourceTree = "<group>"; };
		AD7223FF2155950C001B55D6 /* NotificationSubscriber.swift */ = {isa = PBXFileReference; lastKnownFileType = sourcecode.swift; path = NotificationSubscriber.swift; sourceTree = "<group>"; };
		ADB38A50215EA7C100E8F54A /* GlobalFuncs.swift */ = {isa = PBXFileReference; lastKnownFileType = sourcecode.swift; path = GlobalFuncs.swift; sourceTree = "<group>"; };
		ADC960462154CD7900FEF9A2 /* Assets.xcassets */ = {isa = PBXFileReference; lastKnownFileType = folder.assetcatalog; path = Assets.xcassets; sourceTree = "<group>"; };
		BB131AA33FBF489CB32305B9 /* Pods_Agremo.framework */ = {isa = PBXFileReference; explicitFileType = wrapper.framework; includeInIndex = 0; path = Pods_Agremo.framework; sourceTree = BUILT_PRODUCTS_DIR; };
/* End PBXFileReference section */

/* Begin PBXFrameworksBuildPhase section */
		AD5358BA21494B9000E7FD96 /* Frameworks */ = {
			isa = PBXFrameworksBuildPhase;
			buildActionMask = 2147483647;
			files = (
				99DAA47EF2A35815E6882680 /* Pods_Agremo.framework in Frameworks */,
			);
			runOnlyForDeploymentPostprocessing = 0;
		};
/* End PBXFrameworksBuildPhase section */

/* Begin PBXGroup section */
		34DA65F4774F5B1479BF4C1B /* Pods */ = {
			isa = PBXGroup;
			children = (
				74674FF27588D76475692402 /* Pods-Agremo.debug.xcconfig */,
				4A49FFC26C3C3C0CBDE4B214 /* Pods-Agremo.release.xcconfig */,
			);
			name = Pods;
			sourceTree = "<group>";
		};
		3C0970E01F8C3D6CB9C4C7BD /* Frameworks */ = {
			isa = PBXGroup;
			children = (
				BB131AA33FBF489CB32305B9 /* Pods_Agremo.framework */,
			);
			name = Frameworks;
			sourceTree = "<group>";
		};
		AD5358B421494B9000E7FD96 = {
			isa = PBXGroup;
			children = (
				AD5358BF21494B9000E7FD96 /* Agremo */,
				AD5358BE21494B9000E7FD96 /* Products */,
				34DA65F4774F5B1479BF4C1B /* Pods */,
				3C0970E01F8C3D6CB9C4C7BD /* Frameworks */,
			);
			sourceTree = "<group>";
		};
		AD5358BE21494B9000E7FD96 /* Products */ = {
			isa = PBXGroup;
			children = (
				AD5358BD21494B9000E7FD96 /* Agremo.app */,
			);
			name = Products;
			sourceTree = "<group>";
		};
		AD5358BF21494B9000E7FD96 /* Agremo */ = {
			isa = PBXGroup;
			children = (
				ADB38A4F215EA7B100E8F54A /* Globals */,
				AD6A52D8214AD2F50061E23A /* Extensions */,
				AD6A52D3214ACF530061E23A /* Xib,Nib... */,
				AD6A52C9214AB3DB0061E23A /* Networking */,
				AD6A5247214968400061E23A /* Model */,
				AD5358DF214964B200E7FD96 /* VCs */,
				AD7223FC215593FC001B55D6 /* Views */,
				AD5358D821495D3600E7FD96 /* MyClassesAndStructs */,
				AD5358D4214950CD00E7FD96 /* appDel_assets_splash */,
				AD5358C421494B9000E7FD96 /* Main.storyboard */,
				AD5358DB21495F3500E7FD96 /* Localizable.strings */,
				AD5358CC21494B9300E7FD96 /* Info.plist */,
			);
			path = Agremo;
			sourceTree = "<group>";
		};
		AD5358D4214950CD00E7FD96 /* appDel_assets_splash */ = {
			isa = PBXGroup;
			children = (
				AD5358C021494B9000E7FD96 /* AppDelegate.swift */,
				AD5358C921494B9300E7FD96 /* LaunchScreen.storyboard */,
				ADC960462154CD7900FEF9A2 /* Assets.xcassets */,
			);
			path = appDel_assets_splash;
			sourceTree = "<group>";
		};
		AD5358D821495D3600E7FD96 /* MyClassesAndStructs */ = {
			isa = PBXGroup;
			children = (
				AD5358DD2149600100E7FD96 /* AlertManager.swift */,
				AD5358D921495D4C00E7FD96 /* MyClassesAndStructs.swift */,
				AD6A52D0214AC2A80061E23A /* PingAgremoManager.swift */,
				AD7223FF2155950C001B55D6 /* NotificationSubscriber.swift */,
			);
			path = MyClassesAndStructs;
			sourceTree = "<group>";
		};
		AD5358DF214964B200E7FD96 /* VCs */ = {
			isa = PBXGroup;
			children = (
				AD5358D62149585600E7FD96 /* DummyVC.swift */,
				AD5358D2214950C200E7FD96 /* MainVC.swift */,
			);
			name = VCs;
			path = "New Group";
			sourceTree = "<group>";
		};
		AD6A5247214968400061E23A /* Model */ = {
			isa = PBXGroup;
			children = (
				AD6A52482149684F0061E23A /* ModelTypes.swift */,
			);
			path = Model;
			sourceTree = "<group>";
		};
		AD6A52C9214AB3DB0061E23A /* Networking */ = {
			isa = PBXGroup;
			children = (
				AD6A52CA214AB3E90061E23A /* Networking.swift */,
				AD6A52CC214AB3F70061E23A /* ServerRequest.swift */,
			);
			path = Networking;
			sourceTree = "<group>";
		};
		AD6A52D3214ACF530061E23A /* Xib,Nib... */ = {
			isa = PBXGroup;
			children = (
				AD6A52D4214ACF6B0061E23A /* LogoView.xib */,
				AD6A52D6214ACFA50061E23A /* LogoView.swift */,
			);
			path = "Xib,Nib...";
			sourceTree = "<group>";
		};
		AD6A52D8214AD2F50061E23A /* Extensions */ = {
			isa = PBXGroup;
			children = (
				AD6A52D9214AD3020061E23A /* Extensions.swift */,
			);
			path = Extensions;
			sourceTree = "<group>";
		};
		AD7223FC215593FC001B55D6 /* Views */ = {
			isa = PBXGroup;
			children = (
				AD7223FD2155942B001B55D6 /* AgremoWkWebView.swift */,
			);
			path = Views;
			sourceTree = "<group>";
		};
		ADB38A4F215EA7B100E8F54A /* Globals */ = {
			isa = PBXGroup;
			children = (
				ADB38A50215EA7C100E8F54A /* GlobalFuncs.swift */,
			);
			path = Globals;
			sourceTree = "<group>";
		};
/* End PBXGroup section */

/* Begin PBXNativeTarget section */
		AD5358BC21494B9000E7FD96 /* Agremo */ = {
			isa = PBXNativeTarget;
			buildConfigurationList = AD5358CF21494B9300E7FD96 /* Build configuration list for PBXNativeTarget "Agremo" */;
			buildPhases = (
				2D6B8E6A5D5501F8603D9EBA /* [CP] Check Pods Manifest.lock */,
				AD5358B921494B9000E7FD96 /* Sources */,
				AD5358BA21494B9000E7FD96 /* Frameworks */,
				AD5358BB21494B9000E7FD96 /* Resources */,
				15FF976D25A308139D052A44 /* [CP] Embed Pods Frameworks */,
			);
			buildRules = (
			);
			dependencies = (
			);
			name = Agremo;
			productName = Agremo;
			productReference = AD5358BD21494B9000E7FD96 /* Agremo.app */;
			productType = "com.apple.product-type.application";
		};
/* End PBXNativeTarget section */

/* Begin PBXProject section */
		AD5358B521494B9000E7FD96 /* Project object */ = {
			isa = PBXProject;
			attributes = {
				LastSwiftUpdateCheck = 0940;
				LastUpgradeCheck = 0940;
				ORGANIZATIONNAME = "Marko Dimitrijevic";
				TargetAttributes = {
					AD5358BC21494B9000E7FD96 = {
						CreatedOnToolsVersion = 9.4.1;
						SystemCapabilities = {
							com.apple.BackgroundModes = {
								enabled = 1;
							};
						};
					};
				};
			};
			buildConfigurationList = AD5358B821494B9000E7FD96 /* Build configuration list for PBXProject "Agremo" */;
			compatibilityVersion = "Xcode 9.3";
			developmentRegion = en;
			hasScannedForEncodings = 0;
			knownRegions = (
				en,
				Base,
			);
			mainGroup = AD5358B421494B9000E7FD96;
			productRefGroup = AD5358BE21494B9000E7FD96 /* Products */;
			projectDirPath = "";
			projectRoot = "";
			targets = (
				AD5358BC21494B9000E7FD96 /* Agremo */,
			);
		};
/* End PBXProject section */

/* Begin PBXResourcesBuildPhase section */
		AD5358BB21494B9000E7FD96 /* Resources */ = {
			isa = PBXResourcesBuildPhase;
			buildActionMask = 2147483647;
			files = (
				AD5358CB21494B9300E7FD96 /* LaunchScreen.storyboard in Resources */,
				AD5358DC21495F3500E7FD96 /* Localizable.strings in Resources */,
				AD5358C621494B9000E7FD96 /* Main.storyboard in Resources */,
				AD6A52D5214ACF6B0061E23A /* LogoView.xib in Resources */,
				ADC960472154CD7900FEF9A2 /* Assets.xcassets in Resources */,
			);
			runOnlyForDeploymentPostprocessing = 0;
		};
/* End PBXResourcesBuildPhase section */

/* Begin PBXShellScriptBuildPhase section */
		15FF976D25A308139D052A44 /* [CP] Embed Pods Frameworks */ = {
			isa = PBXShellScriptBuildPhase;
			buildActionMask = 2147483647;
			files = (
			);
			inputPaths = (
				"${SRCROOT}/Pods/Target Support Files/Pods-Agremo/Pods-Agremo-frameworks.sh",
				"${BUILT_PRODUCTS_DIR}/HexColors/HexColors.framework",
				"${BUILT_PRODUCTS_DIR}/PPTopMostController/PPTopMostController.framework",
				"${BUILT_PRODUCTS_DIR}/RMessage/RMessage.framework",
			);
			name = "[CP] Embed Pods Frameworks";
			outputPaths = (
				"${TARGET_BUILD_DIR}/${FRAMEWORKS_FOLDER_PATH}/HexColors.framework",
				"${TARGET_BUILD_DIR}/${FRAMEWORKS_FOLDER_PATH}/PPTopMostController.framework",
				"${TARGET_BUILD_DIR}/${FRAMEWORKS_FOLDER_PATH}/RMessage.framework",
			);
			runOnlyForDeploymentPostprocessing = 0;
			shellPath = /bin/sh;
			shellScript = "\"${SRCROOT}/Pods/Target Support Files/Pods-Agremo/Pods-Agremo-frameworks.sh\"\n";
			showEnvVarsInLog = 0;
		};
		2D6B8E6A5D5501F8603D9EBA /* [CP] Check Pods Manifest.lock */ = {
			isa = PBXShellScriptBuildPhase;
			buildActionMask = 2147483647;
			files = (
			);
			inputPaths = (
				"${PODS_PODFILE_DIR_PATH}/Podfile.lock",
				"${PODS_ROOT}/Manifest.lock",
			);
			name = "[CP] Check Pods Manifest.lock";
			outputPaths = (
				"$(DERIVED_FILE_DIR)/Pods-Agremo-checkManifestLockResult.txt",
			);
			runOnlyForDeploymentPostprocessing = 0;
			shellPath = /bin/sh;
			shellScript = "diff \"${PODS_PODFILE_DIR_PATH}/Podfile.lock\" \"${PODS_ROOT}/Manifest.lock\" > /dev/null\nif [ $? != 0 ] ; then\n    # print error to STDERR\n    echo \"error: The sandbox is not in sync with the Podfile.lock. Run 'pod install' or update your CocoaPods installation.\" >&2\n    exit 1\nfi\n# This output is used by Xcode 'outputs' to avoid re-running this script phase.\necho \"SUCCESS\" > \"${SCRIPT_OUTPUT_FILE_0}\"\n";
			showEnvVarsInLog = 0;
		};
/* End PBXShellScriptBuildPhase section */

/* Begin PBXSourcesBuildPhase section */
		AD5358B921494B9000E7FD96 /* Sources */ = {
			isa = PBXSourcesBuildPhase;
			buildActionMask = 2147483647;
			files = (
				AD5358D3214950C200E7FD96 /* MainVC.swift in Sources */,
				AD5358D72149585600E7FD96 /* DummyVC.swift in Sources */,
				AD7223FE2155942B001B55D6 /* AgremoWkWebView.swift in Sources */,
				AD5358DE2149600100E7FD96 /* AlertManager.swift in Sources */,
				AD5358C121494B9000E7FD96 /* AppDelegate.swift in Sources */,
				AD5358DA21495D4C00E7FD96 /* MyClassesAndStructs.swift in Sources */,
				AD7224002155950C001B55D6 /* NotificationSubscriber.swift in Sources */,
				AD6A52D7214ACFA50061E23A /* LogoView.swift in Sources */,
				AD6A52492149684F0061E23A /* ModelTypes.swift in Sources */,
				AD6A52CD214AB3F70061E23A /* ServerRequest.swift in Sources */,
				AD6A52CB214AB3E90061E23A /* Networking.swift in Sources */,
				AD6A52DA214AD3020061E23A /* Extensions.swift in Sources */,
				ADB38A51215EA7C100E8F54A /* GlobalFuncs.swift in Sources */,
				AD6A52D1214AC2A80061E23A /* PingAgremoManager.swift in Sources */,
			);
			runOnlyForDeploymentPostprocessing = 0;
		};
/* End PBXSourcesBuildPhase section */

/* Begin PBXVariantGroup section */
		AD5358C421494B9000E7FD96 /* Main.storyboard */ = {
			isa = PBXVariantGroup;
			children = (
				AD5358C521494B9000E7FD96 /* Base */,
			);
			name = Main.storyboard;
			sourceTree = "<group>";
		};
		AD5358C921494B9300E7FD96 /* LaunchScreen.storyboard */ = {
			isa = PBXVariantGroup;
			children = (
				AD5358CA21494B9300E7FD96 /* Base */,
			);
			name = LaunchScreen.storyboard;
			sourceTree = "<group>";
		};
/* End PBXVariantGroup section */

/* Begin XCBuildConfiguration section */
		AD5358CD21494B9300E7FD96 /* Debug */ = {
			isa = XCBuildConfiguration;
			buildSettings = {
				ALWAYS_SEARCH_USER_PATHS = NO;
				CLANG_ANALYZER_NONNULL = YES;
				CLANG_ANALYZER_NUMBER_OBJECT_CONVERSION = YES_AGGRESSIVE;
				CLANG_CXX_LANGUAGE_STANDARD = "gnu++14";
				CLANG_CXX_LIBRARY = "libc++";
				CLANG_ENABLE_MODULES = YES;
				CLANG_ENABLE_OBJC_ARC = YES;
				CLANG_ENABLE_OBJC_WEAK = YES;
				CLANG_WARN_BLOCK_CAPTURE_AUTORELEASING = YES;
				CLANG_WARN_BOOL_CONVERSION = YES;
				CLANG_WARN_COMMA = YES;
				CLANG_WARN_CONSTANT_CONVERSION = YES;
				CLANG_WARN_DEPRECATED_OBJC_IMPLEMENTATIONS = YES;
				CLANG_WARN_DIRECT_OBJC_ISA_USAGE = YES_ERROR;
				CLANG_WARN_DOCUMENTATION_COMMENTS = YES;
				CLANG_WARN_EMPTY_BODY = YES;
				CLANG_WARN_ENUM_CONVERSION = YES;
				CLANG_WARN_INFINITE_RECURSION = YES;
				CLANG_WARN_INT_CONVERSION = YES;
				CLANG_WARN_NON_LITERAL_NULL_CONVERSION = YES;
				CLANG_WARN_OBJC_IMPLICIT_RETAIN_SELF = YES;
				CLANG_WARN_OBJC_LITERAL_CONVERSION = YES;
				CLANG_WARN_OBJC_ROOT_CLASS = YES_ERROR;
				CLANG_WARN_RANGE_LOOP_ANALYSIS = YES;
				CLANG_WARN_STRICT_PROTOTYPES = YES;
				CLANG_WARN_SUSPICIOUS_MOVE = YES;
				CLANG_WARN_UNGUARDED_AVAILABILITY = YES_AGGRESSIVE;
				CLANG_WARN_UNREACHABLE_CODE = YES;
				CLANG_WARN__DUPLICATE_METHOD_MATCH = YES;
				CODE_SIGN_IDENTITY = "iPhone Developer";
				COPY_PHASE_STRIP = NO;
				DEBUG_INFORMATION_FORMAT = dwarf;
				ENABLE_STRICT_OBJC_MSGSEND = YES;
				ENABLE_TESTABILITY = YES;
				GCC_C_LANGUAGE_STANDARD = gnu11;
				GCC_DYNAMIC_NO_PIC = NO;
				GCC_NO_COMMON_BLOCKS = YES;
				GCC_OPTIMIZATION_LEVEL = 0;
				GCC_PREPROCESSOR_DEFINITIONS = (
					"DEBUG=1",
					"$(inherited)",
				);
				GCC_WARN_64_TO_32_BIT_CONVERSION = YES;
				GCC_WARN_ABOUT_RETURN_TYPE = YES_ERROR;
				GCC_WARN_UNDECLARED_SELECTOR = YES;
				GCC_WARN_UNINITIALIZED_AUTOS = YES_AGGRESSIVE;
				GCC_WARN_UNUSED_FUNCTION = YES;
				GCC_WARN_UNUSED_VARIABLE = YES;
				IPHONEOS_DEPLOYMENT_TARGET = 10.0;
				MTL_ENABLE_DEBUG_INFO = YES;
				ONLY_ACTIVE_ARCH = YES;
				SDKROOT = iphoneos;
				SWIFT_ACTIVE_COMPILATION_CONDITIONS = DEBUG;
				SWIFT_OPTIMIZATION_LEVEL = "-Onone";
			};
			name = Debug;
		};
		AD5358CE21494B9300E7FD96 /* Release */ = {
			isa = XCBuildConfiguration;
			buildSettings = {
				ALWAYS_SEARCH_USER_PATHS = NO;
				CLANG_ANALYZER_NONNULL = YES;
				CLANG_ANALYZER_NUMBER_OBJECT_CONVERSION = YES_AGGRESSIVE;
				CLANG_CXX_LANGUAGE_STANDARD = "gnu++14";
				CLANG_CXX_LIBRARY = "libc++";
				CLANG_ENABLE_MODULES = YES;
				CLANG_ENABLE_OBJC_ARC = YES;
				CLANG_ENABLE_OBJC_WEAK = YES;
				CLANG_WARN_BLOCK_CAPTURE_AUTORELEASING = YES;
				CLANG_WARN_BOOL_CONVERSION = YES;
				CLANG_WARN_COMMA = YES;
				CLANG_WARN_CONSTANT_CONVERSION = YES;
				CLANG_WARN_DEPRECATED_OBJC_IMPLEMENTATIONS = YES;
				CLANG_WARN_DIRECT_OBJC_ISA_USAGE = YES_ERROR;
				CLANG_WARN_DOCUMENTATION_COMMENTS = YES;
				CLANG_WARN_EMPTY_BODY = YES;
				CLANG_WARN_ENUM_CONVERSION = YES;
				CLANG_WARN_INFINITE_RECURSION = YES;
				CLANG_WARN_INT_CONVERSION = YES;
				CLANG_WARN_NON_LITERAL_NULL_CONVERSION = YES;
				CLANG_WARN_OBJC_IMPLICIT_RETAIN_SELF = YES;
				CLANG_WARN_OBJC_LITERAL_CONVERSION = YES;
				CLANG_WARN_OBJC_ROOT_CLASS = YES_ERROR;
				CLANG_WARN_RANGE_LOOP_ANALYSIS = YES;
				CLANG_WARN_STRICT_PROTOTYPES = YES;
				CLANG_WARN_SUSPICIOUS_MOVE = YES;
				CLANG_WARN_UNGUARDED_AVAILABILITY = YES_AGGRESSIVE;
				CLANG_WARN_UNREACHABLE_CODE = YES;
				CLANG_WARN__DUPLICATE_METHOD_MATCH = YES;
				CODE_SIGN_IDENTITY = "iPhone Developer";
				COPY_PHASE_STRIP = NO;
				DEBUG_INFORMATION_FORMAT = "dwarf-with-dsym";
				ENABLE_NS_ASSERTIONS = NO;
				ENABLE_STRICT_OBJC_MSGSEND = YES;
				GCC_C_LANGUAGE_STANDARD = gnu11;
				GCC_NO_COMMON_BLOCKS = YES;
				GCC_WARN_64_TO_32_BIT_CONVERSION = YES;
				GCC_WARN_ABOUT_RETURN_TYPE = YES_ERROR;
				GCC_WARN_UNDECLARED_SELECTOR = YES;
				GCC_WARN_UNINITIALIZED_AUTOS = YES_AGGRESSIVE;
				GCC_WARN_UNUSED_FUNCTION = YES;
				GCC_WARN_UNUSED_VARIABLE = YES;
				IPHONEOS_DEPLOYMENT_TARGET = 10.0;
				MTL_ENABLE_DEBUG_INFO = NO;
				SDKROOT = iphoneos;
				SWIFT_COMPILATION_MODE = wholemodule;
				SWIFT_OPTIMIZATION_LEVEL = "-O";
				VALIDATE_PRODUCT = YES;
			};
			name = Release;
		};
		AD5358D021494B9300E7FD96 /* Debug */ = {
			isa = XCBuildConfiguration;
			baseConfigurationReference = 74674FF27588D76475692402 /* Pods-Agremo.debug.xcconfig */;
			buildSettings = {
				ASSETCATALOG_COMPILER_APPICON_NAME = AppIcon;
				CODE_SIGN_STYLE = Automatic;
				DEVELOPMENT_TEAM = S26YPRY864;
				INFOPLIST_FILE = Agremo/Info.plist;
				IPHONEOS_DEPLOYMENT_TARGET = 10.0;
				LD_RUNPATH_SEARCH_PATHS = (
					"$(inherited)",
					"@executable_path/Frameworks",
				);
				PRODUCT_BUNDLE_IDENTIFIER = Agremo;
				PRODUCT_NAME = "$(TARGET_NAME)";
				SWIFT_VERSION = 4.0;
				TARGETED_DEVICE_FAMILY = "1,2";
			};
			name = Debug;
		};
		AD5358D121494B9300E7FD96 /* Release */ = {
			isa = XCBuildConfiguration;
			baseConfigurationReference = 4A49FFC26C3C3C0CBDE4B214 /* Pods-Agremo.release.xcconfig */;
			buildSettings = {
				ASSETCATALOG_COMPILER_APPICON_NAME = AppIcon;
				CODE_SIGN_STYLE = Automatic;
				DEVELOPMENT_TEAM = S26YPRY864;
				INFOPLIST_FILE = Agremo/Info.plist;
				IPHONEOS_DEPLOYMENT_TARGET = 10.0;
				LD_RUNPATH_SEARCH_PATHS = (
					"$(inherited)",
					"@executable_path/Frameworks",
				);
				PRODUCT_BUNDLE_IDENTIFIER = Agremo;
				PRODUCT_NAME = "$(TARGET_NAME)";
				SWIFT_VERSION = 4.0;
				TARGETED_DEVICE_FAMILY = "1,2";
			};
			name = Release;
		};
/* End XCBuildConfiguration section */

/* Begin XCConfigurationList section */
		AD5358B821494B9000E7FD96 /* Build configuration list for PBXProject "Agremo" */ = {
			isa = XCConfigurationList;
			buildConfigurations = (
				AD5358CD21494B9300E7FD96 /* Debug */,
				AD5358CE21494B9300E7FD96 /* Release */,
			);
			defaultConfigurationIsVisible = 0;
			defaultConfigurationName = Release;
		};
		AD5358CF21494B9300E7FD96 /* Build configuration list for PBXNativeTarget "Agremo" */ = {
			isa = XCConfigurationList;
			buildConfigurations = (
				AD5358D021494B9300E7FD96 /* Debug */,
				AD5358D121494B9300E7FD96 /* Release */,
			);
			defaultConfigurationIsVisible = 0;
			defaultConfigurationName = Release;
		};
/* End XCConfigurationList section */
	};
	rootObject = AD5358B521494B9000E7FD96 /* Project object */;
}
